<Solution>
  <Configurations>
    <Platform Name="Any CPU" />
    <Platform Name="x64" />
    <Platform Name="x86" />
  </Configurations>
  <Folder Name="/tests/">
    <Project Path="tests/Boodschap.Features.Nutrition.Tests/Boodschap.Features.Nutrition.Tests.csproj" />
    <Project Path="tests/Boodschap.Features.Recipes.Tests/Boodschap.Features.Recipes.Tests.csproj" />
    <Project Path="tests/Boodschap.Features.Updates.Tests/Boodschap.Features.Updates.Tests.csproj" />
  </Folder>
  <Project Path="Boodschap.csproj" />
  <Project Path="tests/Boodschap.Features.Authentication.Tests/Boodschap.Features.Authentication.Tests.csproj" />
  <Project Path="tests/Boodschap.Features.ShoppingLists.Tests/Boodschap.Features.ShoppingLists.Tests.csproj" />
</Solution>
