Microsoft Visual Studio Solution File, Format Version 12.00
# Visual Studio Version 17
VisualStudioVersion = 17.5.2.0
MinimumVisualStudioVersion = 10.0.40219.1
Project("{FAE04EC0-301F-11D3-BF4B-00C04F79EFBC}") = "Boodschap", "Boodschap.csproj", "{D76E039B-1B75-0192-8EA1-64E2A40E9C50}"
EndProject
Project("{9A19103F-16F7-4668-BE54-9A1E7A4F7556}") = "Boodschap.Features.ShoppingLists.Tests", "tests\Boodschap.Features.ShoppingLists.Tests\Boodschap.Features.ShoppingLists.Tests.csproj", "{56B0B9D5-63EF-4E1A-944B-9E17D0A8C945}"
EndProject
Global
	GlobalSection(SolutionConfigurationPlatforms) = preSolution
		Debug|Any CPU = Debug|Any CPU
		Release|Any CPU = Release|Any CPU
	EndGlobalSection
	GlobalSection(ProjectConfigurationPlatforms) = postSolution
		{D76E039B-1B75-0192-8EA1-64E2A40E9C50}.Debug|Any CPU.ActiveCfg = Debug|Any CPU
		{D76E039B-1B75-0192-8EA1-64E2A40E9C50}.Debug|Any CPU.Build.0 = Debug|Any CPU
		{D76E039B-1B75-0192-8EA1-64E2A40E9C50}.Release|Any CPU.ActiveCfg = Release|Any CPU
		{D76E039B-1B75-0192-8EA1-64E2A40E9C50}.Release|Any CPU.Build.0 = Release|Any CPU
		{56B0B9D5-63EF-4E1A-944B-9E17D0A8C945}.Debug|Any CPU.ActiveCfg = Debug|Any CPU
		{56B0B9D5-63EF-4E1A-944B-9E17D0A8C945}.Debug|Any CPU.Build.0 = Debug|Any CPU
		{56B0B9D5-63EF-4E1A-944B-9E17D0A8C945}.Release|Any CPU.ActiveCfg = Release|Any CPU
		{56B0B9D5-63EF-4E1A-944B-9E17D0A8C945}.Release|Any CPU.Build.0 = Release|Any CPU
	EndGlobalSection
	GlobalSection(SolutionProperties) = preSolution
		HideSolutionNode = FALSE
	EndGlobalSection
	GlobalSection(ExtensibilityGlobals) = postSolution
		SolutionGuid = {0779C988-C6C3-4061-AD3C-37011BD02C6E}
	EndGlobalSection
EndGlobal
